
Microsoft Visual Studio Solution File, Format Version 12.00
# Visual Studio 15
VisualStudioVersion = 15.0.28307.1082
MinimumVisualStudioVersion = 10.0.40219.1
Project("{FAE04EC0-301F-11D3-BF4B-00C04F79EFBC}") = "AscensionServer", "AscensionServer.csproj", "{59C2ADFF-55D0-4139-9A85-0AC66ADFFCF8}"
EndProject
Project("{FAE04EC0-301F-11D3-BF4B-00C04F79EFBC}") = "AscensionProtocol", "..\AscensionProtocol\AscensionProtocol.csproj", "{142CED7D-C56D-43B2-A11F-9DC0F302BD80}"
EndProject
Global
	GlobalSection(SolutionConfigurationPlatforms) = preSolution
		Debug|Any CPU = Debug|Any CPU
		Release|Any CPU = Release|Any CPU
	EndGlobalSection
	GlobalSection(ProjectConfigurationPlatforms) = postSolution
		{59C2ADFF-55D0-4139-9A85-0AC66ADFFCF8}.Debug|Any CPU.ActiveCfg = Debug|Any CPU
		{59C2ADFF-55D0-4139-9A85-0AC66ADFFCF8}.Debug|Any CPU.Build.0 = Debug|Any CPU
		{59C2ADFF-55D0-4139-9A85-0AC66ADFFCF8}.Release|Any CPU.ActiveCfg = Release|Any CPU
		{59C2ADFF-55D0-4139-9A85-0AC66ADFFCF8}.Release|Any CPU.Build.0 = Release|Any CPU
		{142CED7D-C56D-43B2-A11F-9DC0F302BD80}.Debug|Any CPU.ActiveCfg = Debug|Any CPU
		{142CED7D-C56D-43B2-A11F-9DC0F302BD80}.Debug|Any CPU.Build.0 = Debug|Any CPU
		{142CED7D-C56D-43B2-A11F-9DC0F302BD80}.Release|Any CPU.ActiveCfg = Release|Any CPU
		{142CED7D-C56D-43B2-A11F-9DC0F302BD80}.Release|Any CPU.Build.0 = Release|Any CPU
	EndGlobalSection
	GlobalSection(SolutionProperties) = preSolution
		HideSolutionNode = FALSE
	EndGlobalSection
	GlobalSection(ExtensibilityGlobals) = postSolution
		SolutionGuid = {FA57F009-AF9B-4426-BFF7-6DB33C66CD8B}
	EndGlobalSection
EndGlobal
