
Microsoft Visual Studio Solution File, Format Version 12.00
# Visual Studio Version 16
VisualStudioVersion = 16.0.30503.244
MinimumVisualStudioVersion = 10.0.40219.1
Project("{FAE04EC0-301F-11D3-BF4B-00C04F79EFBC}") = "AscensionServer", "AscensionServer.csproj", "{59C2ADFF-55D0-4139-9A85-0AC66ADFFCF8}"
EndProject
Project("{FAE04EC0-301F-11D3-BF4B-00C04F79EFBC}") = "AscensionProtocol", "..\AscensionProtocol\AscensionProtocol.csproj", "{142CED7D-C56D-43B2-A11F-9DC0F302BD80}"
EndProject
Project("{FAE04EC0-301F-11D3-BF4B-00C04F79EFBC}") = "CFramework", "..\Framework\CFramework.csproj", "{81A14E63-385F-4B83-B403-A6B7D6FC94D8}"
EndProject
Project("{FAE04EC0-301F-11D3-BF4B-00C04F79EFBC}") = "Protocol", "..\Protocol\Protocol.csproj", "{160C188D-0392-4BD2-A93A-A5C5F87424B4}"
EndProject
Project("{FAE04EC0-301F-11D3-BF4B-00C04F79EFBC}") = "AscensionData", "..\AscensionData\AscensionData.csproj", "{BAF68E5B-51C2-438A-8680-0C689DEAEDC8}"
EndProject
Project("{FAE04EC0-301F-11D3-BF4B-00C04F79EFBC}") = "Runner_TestOnly", "..\Runner\Runner_TestOnly.csproj", "{A9542CCE-8E9D-445B-AD6F-934CF6D8EBDE}"
EndProject
Project("{FAE04EC0-301F-11D3-BF4B-00C04F79EFBC}") = "RedisHelper", "..\RedisHelper\RedisHelper.csproj", "{C0EDCBB1-19BC-4BC3-9791-417F7E96D1A6}"
EndProject
Global
	GlobalSection(SolutionConfigurationPlatforms) = preSolution
		Debug|Any CPU = Debug|Any CPU
		Release|Any CPU = Release|Any CPU
	EndGlobalSection
	GlobalSection(ProjectConfigurationPlatforms) = postSolution
		{59C2ADFF-55D0-4139-9A85-0AC66ADFFCF8}.Debug|Any CPU.ActiveCfg = Debug|Any CPU
		{59C2ADFF-55D0-4139-9A85-0AC66ADFFCF8}.Debug|Any CPU.Build.0 = Debug|Any CPU
		{59C2ADFF-55D0-4139-9A85-0AC66ADFFCF8}.Release|Any CPU.ActiveCfg = Release|Any CPU
		{59C2ADFF-55D0-4139-9A85-0AC66ADFFCF8}.Release|Any CPU.Build.0 = Release|Any CPU
		{142CED7D-C56D-43B2-A11F-9DC0F302BD80}.Debug|Any CPU.ActiveCfg = Debug|Any CPU
		{142CED7D-C56D-43B2-A11F-9DC0F302BD80}.Debug|Any CPU.Build.0 = Debug|Any CPU
		{142CED7D-C56D-43B2-A11F-9DC0F302BD80}.Release|Any CPU.ActiveCfg = Release|Any CPU
		{142CED7D-C56D-43B2-A11F-9DC0F302BD80}.Release|Any CPU.Build.0 = Release|Any CPU
		{81A14E63-385F-4B83-B403-A6B7D6FC94D8}.Debug|Any CPU.ActiveCfg = Debug|Any CPU
		{81A14E63-385F-4B83-B403-A6B7D6FC94D8}.Debug|Any CPU.Build.0 = Debug|Any CPU
		{81A14E63-385F-4B83-B403-A6B7D6FC94D8}.Release|Any CPU.ActiveCfg = Release|Any CPU
		{81A14E63-385F-4B83-B403-A6B7D6FC94D8}.Release|Any CPU.Build.0 = Release|Any CPU
		{160C188D-0392-4BD2-A93A-A5C5F87424B4}.Debug|Any CPU.ActiveCfg = Debug|Any CPU
		{160C188D-0392-4BD2-A93A-A5C5F87424B4}.Debug|Any CPU.Build.0 = Debug|Any CPU
		{160C188D-0392-4BD2-A93A-A5C5F87424B4}.Release|Any CPU.ActiveCfg = Release|Any CPU
		{160C188D-0392-4BD2-A93A-A5C5F87424B4}.Release|Any CPU.Build.0 = Release|Any CPU
		{BAF68E5B-51C2-438A-8680-0C689DEAEDC8}.Debug|Any CPU.ActiveCfg = Debug|Any CPU
		{BAF68E5B-51C2-438A-8680-0C689DEAEDC8}.Debug|Any CPU.Build.0 = Debug|Any CPU
		{BAF68E5B-51C2-438A-8680-0C689DEAEDC8}.Release|Any CPU.ActiveCfg = Release|Any CPU
		{BAF68E5B-51C2-438A-8680-0C689DEAEDC8}.Release|Any CPU.Build.0 = Release|Any CPU
		{A9542CCE-8E9D-445B-AD6F-934CF6D8EBDE}.Debug|Any CPU.ActiveCfg = Debug|Any CPU
		{A9542CCE-8E9D-445B-AD6F-934CF6D8EBDE}.Debug|Any CPU.Build.0 = Debug|Any CPU
		{A9542CCE-8E9D-445B-AD6F-934CF6D8EBDE}.Release|Any CPU.ActiveCfg = Release|Any CPU
		{A9542CCE-8E9D-445B-AD6F-934CF6D8EBDE}.Release|Any CPU.Build.0 = Release|Any CPU
		{C0EDCBB1-19BC-4BC3-9791-417F7E96D1A6}.Debug|Any CPU.ActiveCfg = Debug|Any CPU
		{C0EDCBB1-19BC-4BC3-9791-417F7E96D1A6}.Debug|Any CPU.Build.0 = Debug|Any CPU
		{C0EDCBB1-19BC-4BC3-9791-417F7E96D1A6}.Release|Any CPU.ActiveCfg = Release|Any CPU
		{C0EDCBB1-19BC-4BC3-9791-417F7E96D1A6}.Release|Any CPU.Build.0 = Release|Any CPU
	EndGlobalSection
	GlobalSection(SolutionProperties) = preSolution
		HideSolutionNode = FALSE
	EndGlobalSection
	GlobalSection(ExtensibilityGlobals) = postSolution
		SolutionGuid = {FA57F009-AF9B-4426-BFF7-6DB33C66CD8B}
	EndGlobalSection
EndGlobal
